{
  "nodes": {
    "display-layout": {
      "inputs": {
        "flake-parts": "flake-parts",
        "nixpkgs": [
          "nixpkgs"
        ]
      },
      "locked": {
        "lastModified": 1784296753,
        "narHash": "sha256-641+1Gh+fvLzQ5O/RK5be++QO5/3WEemhxM3vToWWgM=",
        "owner": "johnrichardrinehart",
        "repo": "display-layout",
        "rev": "73e29c1be74ce90e22bd57f16197090c13c829a1",
        "type": "github"
      },
      "original": {
        "owner": "johnrichardrinehart",
        "repo": "display-layout",
        "type": "github"
      }
    },
    "flake-parts": {
      "inputs": {
        "nixpkgs-lib": [
          "display-layout",
          "nixpkgs"
        ]
      },
      "locked": {
        "lastModified": 1788450739,
        "narHash": "sha256-glZLQlzIn1fXH6PazR2iUmTo7kzzyYSshrWhLS9TqCU=",
        "owner": "hercules-ci",
        "repo": "flake-parts",
        "rev": "31729ca8cbdb4fa927b34e5f4353e6a83f39e993",
        "type": "github"
      },
      "original": {
        "owner": "hercules-ci",
        "repo": "flake-parts",
        "type": "github"
      }
    },
    "flake-parts_2": {
      "inputs": {
        "nixpkgs-lib": "nixpkgs-lib"
      },
      "locked": {
        "lastModified": 1788450739,
        "narHash": "sha256-glZLQlzIn1fXH6PazR2iUmTo7kzzyYSshrWhLS9TqCU=",
        "owner": "hercules-ci",
        "repo": "flake-parts",
        "rev": "31729ca8cbdb4fa927b34e5f4353e6a83f39e993",
        "type": "github"
      },
      "original": {
        "owner": "hercules-ci",
        "repo": "flake-parts",
        "type": "github"
      }
    },
    "flake-parts_3": {
      "inputs": {
        "nixpkgs-lib": [
          "git-meld",
          "nixpkgs"
        ]
      },
      "locked": {
        "lastModified": 1788450739,
        "narHash": "sha256-glZLQlzIn1fXH6PazR2iUmTo7kzzyYSshrWhLS9TqCU=",
        "owner": "hercules-ci",
        "repo": "flake-parts",
        "rev": "31729ca8cbdb4fa927b34e5f4353e6a83f39e993",
        "type": "github"
      },
      "original": {
        "owner": "hercules-ci",
        "repo": "flake-parts",
        "type": "github"
      }
    },
    "flake-parts_4": {
      "inputs": {
        "nixpkgs-lib": [
          "repo-manager",
          "nixpkgs"
        ]
      },
      "locked": {
        "lastModified": 1788450739,
        "narHash": "sha256-glZLQlzIn1fXH6PazR2iUmTo7kzzyYSshrWhLS9TqCU=",
        "owner": "hercules-ci",
        "repo": "flake-parts",
        "rev": "31729ca8cbdb4fa927b34e5f4353e6a83f39e993",
        "type": "github"
      },
      "original": {
        "owner": "hercules-ci",
        "repo": "flake-parts",
        "type": "github"
      }
    },
    "git-meld": {
      "inputs": {
        "flake-parts": "flake-parts_3",
        "nixpkgs": [
          "nixpkgs"
        ]
      },
      "locked": {
        "lastModified": 1785104366,
        "narHash": "sha256-NVJdPpSC9nVj38MzCr11deKOQP9wIehhcTsot0FtCiY=",
        "owner": "johnrichardrinehart",
        "repo": "git-meld",
        "rev": "70f093119137502d466433abb38f6d28fe751e17",
        "type": "github"
      },
      "original": {
        "owner": "johnrichardrinehart",
        "repo": "git-meld",
        "type": "github"
      }
    },
    "home-manager": {
      "inputs": {
        "nixpkgs": [
          "nixpkgs"
        ]
      },
      "locked": {
        "lastModified": 1789267039,
        "narHash": "sha256-LWiBv9yAYFi2LPbUhDGHPGKYskJQjj2fw12OlyO1uQo=",
        "owner": "nix-community",
        "repo": "home-manager",
        "rev": "ec172013fa62135f58fb58dd17ae9651e8f39727",
        "type": "github"
      },
      "original": {
        "owner": "nix-community",
        "ref": "release-26.05",
        "repo": "home-manager",
        "type": "github"
      }
    },
    "kitkat-rs": {
      "inputs": {
        "nixpkgs": [
          "nixpkgs"
        ]
      },
      "locked": {
        "lastModified": 1788491401,
        "narHash": "sha256-L91GFhTISwoLH2MQt3lRrU7oQs7KEbYh2ktTS9r55yY=",
        "owner": "johnrichardrinehart",
        "repo": "kitkat-rs",
        "rev": "13fcbaca4595acfe8817cc456af9343c399073e6",
        "type": "github"
      },
      "original": {
        "owner": "johnrichardrinehart",
        "repo": "kitkat-rs",
        "type": "github"
      }
    },
    "monstar": {
      "inputs": {
        "nixpkgs": [
          "nixpkgs"
        ]
      },
      "locked": {
        "lastModified": 1789656968,
        "narHash": "sha256-+2DgQjBSQ/Kgcyu0dWkNbkgANNYmjW5Ae05t4v9CzJE=",
        "owner": "rockorager",
        "repo": "monstar",
        "rev": "bb10fa99058a73847e732fa88c9c89d9e0267ce6",
        "type": "github"
      },
      "original": {
        "owner": "rockorager",
        "repo": "monstar",
        "type": "github"
      }
    },
    "nixpkgs": {
      "locked": {
        "lastModified": 1788836676,
        "narHash": "sha256-gzXYOpkCuFGw4ysQyOo3986NfGFUL+NrFMVwFMMu2tk=",
        "owner": "johnrichardrinehart",
        "repo": "nixpkgs",
        "rev": "aa53a54e0aad84a3ad03e50f5ac1b594477b8573",
        "type": "github"
      },
      "original": {
        "owner": "johnrichardrinehart",
        "ref": "rock-5c-nixos-26.05",
        "repo": "nixpkgs",
        "type": "github"
      }
    },
    "nixpkgs-lib": {
      "locked": {
        "lastModified": 1789871957,
        "narHash": "sha256-cY6TV3IPWCsvJP+EPLvX2rRJa8YNXuybodVy1mY2L1E=",
        "owner": "nix-community",
        "repo": "nixpkgs.lib",
        "rev": "5bdaa90a7fb7ae9892329e23f1474add69e092fe",
        "type": "github"
      },
      "original": {
        "owner": "nix-community",
        "repo": "nixpkgs.lib",
        "type": "github"
      }
    },
    "repo-manager": {
      "inputs": {
        "flake-parts": "flake-parts_4",
        "nixpkgs": [
          "nixpkgs"
        ],
        "rust-overlay": "rust-overlay"
      },
      "locked": {
        "lastModified": 1789866831,
        "narHash": "sha256-zs6WY2+R0ECaLsLMF5dMlym2Sw3lzZ5z1uFyJ307nbU=",
        "owner": "johnrichardrinehart",
        "repo": "repo-manager",
        "rev": "0e88dbc4ab26450da01cb8e6c13670da30007c92",
        "type": "github"
      },
      "original": {
        "owner": "johnrichardrinehart",
        "repo": "repo-manager",
        "type": "github"
      }
    },
    "root": {
      "inputs": {
        "display-layout": "display-layout",
        "flake-parts": "flake-parts_2",
        "git-meld": "git-meld",
        "home-manager": "home-manager",
        "kitkat-rs": "kitkat-rs",
        "monstar": "monstar",
        "nixpkgs": "nixpkgs",
        "repo-manager": "repo-manager",
        "sops-nix": "sops-nix"
      }
    },
    "rust-overlay": {
      "inputs": {
        "nixpkgs": [
          "repo-manager",
          "nixpkgs"
        ]
      },
      "locked": {
        "lastModified": 1789802016,
        "narHash": "sha256-QVFfArbYaQMGK4dFV+5RUL72Ci+hNHVhaF/R9qJfDhs=",
        "owner": "oxalica",
        "repo": "rust-overlay",
        "rev": "26a71e661c47bd21a05d06fec749f3f7c75e9d12",
        "type": "github"
      },
      "original": {
        "owner": "oxalica",
        "repo": "rust-overlay",
        "type": "github"
      }
    },
    "sops-nix": {
      "inputs": {
        "nixpkgs": [
          "nixpkgs"
        ]
      },
      "locked": {
        "lastModified": 1789815532,
        "narHash": "sha256-/Ql9UE21iDwOU/JdPV20yZtaMpGf+iD2EhIA1aAi540=",
        "owner": "mic92",
        "repo": "sops-nix",
        "rev": "166fc0d3f4fcd0dfc9af102ba8e85fa5dd04e5f7",
        "type": "github"
      },
      "original": {
        "owner": "mic92",
        "repo": "sops-nix",
        "type": "github"
      }
    }
  },
  "root": "root",
  "version": 7
}
